
Microsoft Visual Studio Solution File, Format Version 12.00
# Visual Studio Version 17
VisualStudioVersion = 17.2.32630.192
MinimumVisualStudioVersion = 10.0.40219.1
Project("{FAE04EC0-301F-11D3-BF4B-00C04F79EFBC}") = "ujicobaexception", "ujicobaexception\ujicobaexception.csproj", "{14E6AB6F-75C5-47AF-A7A3-532CC240DBB8}"
EndProject
Global
	GlobalSection(SolutionConfigurationPlatforms) = preSolution
		Debug|Any CPU = Debug|Any CPU
		Release|Any CPU = Release|Any CPU
	EndGlobalSection
	GlobalSection(ProjectConfigurationPlatforms) = postSolution
		{14E6AB6F-75C5-47AF-A7A3-532CC240DBB8}.Debug|Any CPU.ActiveCfg = Debug|Any CPU
		{14E6AB6F-75C5-47AF-A7A3-532CC240DBB8}.Debug|Any CPU.Build.0 = Debug|Any CPU
		{14E6AB6F-75C5-47AF-A7A3-532CC240DBB8}.Release|Any CPU.ActiveCfg = Release|Any CPU
		{14E6AB6F-75C5-47AF-A7A3-532CC240DBB8}.Release|Any CPU.Build.0 = Release|Any CPU
	EndGlobalSection
	GlobalSection(SolutionProperties) = preSolution
		HideSolutionNode = FALSE
	EndGlobalSection
	GlobalSection(ExtensibilityGlobals) = postSolution
		SolutionGuid = {92997AFD-40A9-4DD7-B136-B2D173D16515}
	EndGlobalSection
EndGlobal
